
Microsoft Visual Studio Solution File, Format Version 12.00
# Visual Studio Version 17
VisualStudioVersion = 17.4.33213.308
MinimumVisualStudioVersion = 10.0.40219.1
Project("{FAE04EC0-301F-11D3-BF4B-00C04F79EFBC}") = "Week5LogicalOperators", "Week5LogicalOperators\Week5LogicalOperators.csproj", "{F028A47D-1BB7-4D78-90DF-A5FA2725D8C3}"
EndProject
Project("{FAE04EC0-301F-11D3-BF4B-00C04F79EFBC}") = "ANDOperator", "ANDOperator\ANDOperator.csproj", "{2474F9D2-A6A9-4161-8534-2634CA863A64}"
EndProject
Project("{FAE04EC0-301F-11D3-BF4B-00C04F79EFBC}") = "OROperator", "OROperator\OROperator.csproj", "{2CFBE578-20E9-4950-8538-22E472E4E88A}"
EndProject
Project("{FAE04EC0-301F-11D3-BF4B-00C04F79EFBC}") = "ANDRanges", "ANDRanges\ANDRanges.csproj", "{6062FA9E-19A3-476F-9516-786B6880BCBA}"
EndProject
Global
	GlobalSection(SolutionConfigurationPlatforms) = preSolution
		Debug|Any CPU = Debug|Any CPU
		Release|Any CPU = Release|Any CPU
	EndGlobalSection
	GlobalSection(ProjectConfigurationPlatforms) = postSolution
		{F028A47D-1BB7-4D78-90DF-A5FA2725D8C3}.Debug|Any CPU.ActiveCfg = Debug|Any CPU
		{F028A47D-1BB7-4D78-90DF-A5FA2725D8C3}.Debug|Any CPU.Build.0 = Debug|Any CPU
		{F028A47D-1BB7-4D78-90DF-A5FA2725D8C3}.Release|Any CPU.ActiveCfg = Release|Any CPU
		{F028A47D-1BB7-4D78-90DF-A5FA2725D8C3}.Release|Any CPU.Build.0 = Release|Any CPU
		{2474F9D2-A6A9-4161-8534-2634CA863A64}.Debug|Any CPU.ActiveCfg = Debug|Any CPU
		{2474F9D2-A6A9-4161-8534-2634CA863A64}.Debug|Any CPU.Build.0 = Debug|Any CPU
		{2474F9D2-A6A9-4161-8534-2634CA863A64}.Release|Any CPU.ActiveCfg = Release|Any CPU
		{2474F9D2-A6A9-4161-8534-2634CA863A64}.Release|Any CPU.Build.0 = Release|Any CPU
		{2CFBE578-20E9-4950-8538-22E472E4E88A}.Debug|Any CPU.ActiveCfg = Debug|Any CPU
		{2CFBE578-20E9-4950-8538-22E472E4E88A}.Debug|Any CPU.Build.0 = Debug|Any CPU
		{2CFBE578-20E9-4950-8538-22E472E4E88A}.Release|Any CPU.ActiveCfg = Release|Any CPU
		{2CFBE578-20E9-4950-8538-22E472E4E88A}.Release|Any CPU.Build.0 = Release|Any CPU
		{6062FA9E-19A3-476F-9516-786B6880BCBA}.Debug|Any CPU.ActiveCfg = Debug|Any CPU
		{6062FA9E-19A3-476F-9516-786B6880BCBA}.Debug|Any CPU.Build.0 = Debug|Any CPU
		{6062FA9E-19A3-476F-9516-786B6880BCBA}.Release|Any CPU.ActiveCfg = Release|Any CPU
		{6062FA9E-19A3-476F-9516-786B6880BCBA}.Release|Any CPU.Build.0 = Release|Any CPU
	EndGlobalSection
	GlobalSection(SolutionProperties) = preSolution
		HideSolutionNode = FALSE
	EndGlobalSection
	GlobalSection(ExtensibilityGlobals) = postSolution
		SolutionGuid = {DF4A67E5-082B-47AC-B98E-A641A4D40CFC}
	EndGlobalSection
EndGlobal
